
Microsoft Visual Studio Solution File, Format Version 12.00
# Visual Studio Version 17
VisualStudioVersion = 17.3.32819.101
MinimumVisualStudioVersion = 10.0.40219.1
Project("{FAE04EC0-301F-11D3-BF4B-00C04F79EFBC}") = "SuggestionApp", "SuggestionApp\SuggestionApp.csproj", "{AB46A3D9-F5DD-49DB-8C13-DFF77E814413}"
EndProject
Global
	GlobalSection(SolutionConfigurationPlatforms) = preSolution
		Debug|Any CPU = Debug|Any CPU
		Release|Any CPU = Release|Any CPU
	EndGlobalSection
	GlobalSection(ProjectConfigurationPlatforms) = postSolution
		{AB46A3D9-F5DD-49DB-8C13-DFF77E814413}.Debug|Any CPU.ActiveCfg = Debug|Any CPU
		{AB46A3D9-F5DD-49DB-8C13-DFF77E814413}.Debug|Any CPU.Build.0 = Debug|Any CPU
		{AB46A3D9-F5DD-49DB-8C13-DFF77E814413}.Release|Any CPU.ActiveCfg = Release|Any CPU
		{AB46A3D9-F5DD-49DB-8C13-DFF77E814413}.Release|Any CPU.Build.0 = Release|Any CPU
	EndGlobalSection
	GlobalSection(SolutionProperties) = preSolution
		HideSolutionNode = FALSE
	EndGlobalSection
	GlobalSection(ExtensibilityGlobals) = postSolution
		SolutionGuid = {F52219AE-F130-4149-A915-9D5927BA5D02}
	EndGlobalSection
EndGlobal
